
Microsoft Visual Studio Solution File, Format Version 12.00
# Visual Studio Version 17
VisualStudioVersion = 17.7.34031.279
MinimumVisualStudioVersion = 10.0.40219.1
Project("{FAE04EC0-301F-11D3-BF4B-00C04F79EFBC}") = "doubleChar", "doubleChar.csproj", "{7BE3B812-01CA-4B37-A87F-9D0F33E35B54}"
EndProject
Global
	GlobalSection(SolutionConfigurationPlatforms) = preSolution
		Debug|Any CPU = Debug|Any CPU
		Release|Any CPU = Release|Any CPU
	EndGlobalSection
	GlobalSection(ProjectConfigurationPlatforms) = postSolution
		{7BE3B812-01CA-4B37-A87F-9D0F33E35B54}.Debug|Any CPU.ActiveCfg = Debug|Any CPU
		{7BE3B812-01CA-4B37-A87F-9D0F33E35B54}.Debug|Any CPU.Build.0 = Debug|Any CPU
		{7BE3B812-01CA-4B37-A87F-9D0F33E35B54}.Release|Any CPU.ActiveCfg = Release|Any CPU
		{7BE3B812-01CA-4B37-A87F-9D0F33E35B54}.Release|Any CPU.Build.0 = Release|Any CPU
	EndGlobalSection
	GlobalSection(SolutionProperties) = preSolution
		HideSolutionNode = FALSE
	EndGlobalSection
	GlobalSection(ExtensibilityGlobals) = postSolution
		SolutionGuid = {AE8FAD70-A8E7-4141-B761-470B18995FFA}
	EndGlobalSection
EndGlobal
